
Microsoft Visual Studio Solution File, Format Version 12.00
# Visual Studio Version 17
VisualStudioVersion = 17.1.32319.34
MinimumVisualStudioVersion = 10.0.40219.1
Project("{FAE04EC0-301F-11D3-BF4B-00C04F79EFBC}") = "projeto 2bim", "projeto 2bim.csproj", "{3278FEB2-E33F-47D2-B379-167D2AE42C3E}"
EndProject
Global
	GlobalSection(SolutionConfigurationPlatforms) = preSolution
		Debug|Any CPU = Debug|Any CPU
		Release|Any CPU = Release|Any CPU
	EndGlobalSection
	GlobalSection(ProjectConfigurationPlatforms) = postSolution
		{3278FEB2-E33F-47D2-B379-167D2AE42C3E}.Debug|Any CPU.ActiveCfg = Debug|Any CPU
		{3278FEB2-E33F-47D2-B379-167D2AE42C3E}.Debug|Any CPU.Build.0 = Debug|Any CPU
		{3278FEB2-E33F-47D2-B379-167D2AE42C3E}.Release|Any CPU.ActiveCfg = Release|Any CPU
		{3278FEB2-E33F-47D2-B379-167D2AE42C3E}.Release|Any CPU.Build.0 = Release|Any CPU
	EndGlobalSection
	GlobalSection(SolutionProperties) = preSolution
		HideSolutionNode = FALSE
	EndGlobalSection
	GlobalSection(ExtensibilityGlobals) = postSolution
		SolutionGuid = {06ECB0B7-563D-407F-B1B8-647D8509F63D}
	EndGlobalSection
EndGlobal
